// !$*UTF8*$!
{
	archiveVersion = 1;
	classes = {
	};
	objectVersion = 50;
	objects = {

/* Begin PBXBuildFile section */
		3A3CB97E26BA4FFB00EC8A93 /* SliderControl.swift in Sources */ = {isa = PBXBuildFile; fileRef = 3A3CB97D26BA4FFB00EC8A93 /* SliderControl.swift */; };
		3A4EF5DC26B941160084E308 /* AddSubViewController.swift in Sources */ = {isa = PBXBuildFile; fileRef = 3A4EF5DB26B941160084E308 /* AddSubViewController.swift */; };
		3A6A472826C16E89002727FE /* SubEditViewController.swift in Sources */ = {isa = PBXBuildFile; fileRef = 3A6A472726C16E88002727FE /* SubEditViewController.swift */; };
		3A6A472A26C239BA002727FE /* additions.swift in Sources */ = {isa = PBXBuildFile; fileRef = 3A6A472926C239B9002727FE /* additions.swift */; };
		3A6A472C26C2588F002727FE /* MyPlayer.swift in Sources */ = {isa = PBXBuildFile; fileRef = 3A6A472B26C2588F002727FE /* MyPlayer.swift */; };
		3A8579C226B3FFD600B89E6D /* AppDelegate.swift in Sources */ = {isa = PBXBuildFile; fileRef = 3A8579C126B3FFD600B89E6D /* AppDelegate.swift */; };
		3A8579C426B3FFD600B89E6D /* SceneDelegate.swift in Sources */ = {isa = PBXBuildFile; fileRef = 3A8579C326B3FFD600B89E6D /* SceneDelegate.swift */; };
		3A8579C926B3FFD600B89E6D /* Main.storyboard in Resources */ = {isa = PBXBuildFile; fileRef = 3A8579C726B3FFD600B89E6D /* Main.storyboard */; };
		3A8579CB26B3FFDA00B89E6D /* Assets.xcassets in Resources */ = {isa = PBXBuildFile; fileRef = 3A8579CA26B3FFDA00B89E6D /* Assets.xcassets */; };
		3A8579CE26B3FFDA00B89E6D /* LaunchScreen.storyboard in Resources */ = {isa = PBXBuildFile; fileRef = 3A8579CC26B3FFDA00B89E6D /* LaunchScreen.storyboard */; };
		3A8579E426B7DA1E00B89E6D /* PickerViewController.swift in Sources */ = {isa = PBXBuildFile; fileRef = 3A8579E326B7DA1E00B89E6D /* PickerViewController.swift */; };
		3AFC46BE26B7F3B50077854B /* EditorViewController.swift in Sources */ = {isa = PBXBuildFile; fileRef = 3AFC46BD26B7F3B50077854B /* EditorViewController.swift */; };
/* End PBXBuildFile section */

/* Begin PBXFileReference section */
		3A3CB97D26BA4FFB00EC8A93 /* SliderControl.swift */ = {isa = PBXFileReference; lastKnownFileType = sourcecode.swift; path = SliderControl.swift; sourceTree = "<group>"; };
		3A4EF5DB26B941160084E308 /* AddSubViewController.swift */ = {isa = PBXFileReference; lastKnownFileType = sourcecode.swift; path = AddSubViewController.swift; sourceTree = "<group>"; };
		3A6A472726C16E88002727FE /* SubEditViewController.swift */ = {isa = PBXFileReference; lastKnownFileType = sourcecode.swift; path = SubEditViewController.swift; sourceTree = "<group>"; };
		3A6A472926C239B9002727FE /* additions.swift */ = {isa = PBXFileReference; lastKnownFileType = sourcecode.swift; path = additions.swift; sourceTree = "<group>"; };
		3A6A472B26C2588F002727FE /* MyPlayer.swift */ = {isa = PBXFileReference; lastKnownFileType = sourcecode.swift; path = MyPlayer.swift; sourceTree = "<group>"; };
		3A8579BE26B3FFD600B89E6D /* VideoSubtitles.app */ = {isa = PBXFileReference; explicitFileType = wrapper.application; includeInIndex = 0; path = VideoSubtitles.app; sourceTree = BUILT_PRODUCTS_DIR; };
		3A8579C126B3FFD600B89E6D /* AppDelegate.swift */ = {isa = PBXFileReference; lastKnownFileType = sourcecode.swift; path = AppDelegate.swift; sourceTree = "<group>"; };
		3A8579C326B3FFD600B89E6D /* SceneDelegate.swift */ = {isa = PBXFileReference; lastKnownFileType = sourcecode.swift; path = SceneDelegate.swift; sourceTree = "<group>"; };
		3A8579C826B3FFD600B89E6D /* Base */ = {isa = PBXFileReference; lastKnownFileType = file.storyboard; name = Base; path = Base.lproj/Main.storyboard; sourceTree = "<group>"; };
		3A8579CA26B3FFDA00B89E6D /* Assets.xcassets */ = {isa = PBXFileReference; lastKnownFileType = folder.assetcatalog; path = Assets.xcassets; sourceTree = "<group>"; };
		3A8579CD26B3FFDA00B89E6D /* Base */ = {isa = PBXFileReference; lastKnownFileType = file.storyboard; name = Base; path = Base.lproj/LaunchScreen.storyboard; sourceTree = "<group>"; };
		3A8579CF26B3FFDA00B89E6D /* Info.plist */ = {isa = PBXFileReference; lastKnownFileType = text.plist.xml; path = Info.plist; sourceTree = "<group>"; };
		3A8579E326B7DA1E00B89E6D /* PickerViewController.swift */ = {isa = PBXFileReference; lastKnownFileType = sourcecode.swift; path = PickerViewController.swift; sourceTree = "<group>"; };
		3AFC46BD26B7F3B50077854B /* EditorViewController.swift */ = {isa = PBXFileReference; lastKnownFileType = sourcecode.swift; path = EditorViewController.swift; sourceTree = "<group>"; };
/* End PBXFileReference section */

/* Begin PBXFrameworksBuildPhase section */
		3A8579BB26B3FFD600B89E6D /* Frameworks */ = {
			isa = PBXFrameworksBuildPhase;
			buildActionMask = 2147483647;
			files = (
			);
			runOnlyForDeploymentPostprocessing = 0;
		};
/* End PBXFrameworksBuildPhase section */

/* Begin PBXGroup section */
		3A3CB97C26BA4FD200EC8A93 /* Slider */ = {
			isa = PBXGroup;
			children = (
				3A3CB97D26BA4FFB00EC8A93 /* SliderControl.swift */,
			);
			path = Slider;
			sourceTree = "<group>";
		};
		3A6A472D26C25F15002727FE /* Player */ = {
			isa = PBXGroup;
			children = (
				3A6A472B26C2588F002727FE /* MyPlayer.swift */,
			);
			path = Player;
			sourceTree = "<group>";
		};
		3A6A472E26C25F1E002727FE /* Additions */ = {
			isa = PBXGroup;
			children = (
				3A6A472926C239B9002727FE /* additions.swift */,
			);
			path = Additions;
			sourceTree = "<group>";
		};
		3A6A472F26C25F37002727FE /* ViewControllers */ = {
			isa = PBXGroup;
			children = (
				3A8579E326B7DA1E00B89E6D /* PickerViewController.swift */,
				3AFC46BD26B7F3B50077854B /* EditorViewController.swift */,
				3A4EF5DB26B941160084E308 /* AddSubViewController.swift */,
				3A6A472726C16E88002727FE /* SubEditViewController.swift */,
			);
			path = ViewControllers;
			sourceTree = "<group>";
		};
		3A8579B526B3FFD600B89E6D = {
			isa = PBXGroup;
			children = (
				3A8579C026B3FFD600B89E6D /* VideoSubtitles */,
				3A8579BF26B3FFD600B89E6D /* Products */,
			);
			sourceTree = "<group>";
		};
		3A8579BF26B3FFD600B89E6D /* Products */ = {
			isa = PBXGroup;
			children = (
				3A8579BE26B3FFD600B89E6D /* VideoSubtitles.app */,
			);
			name = Products;
			sourceTree = "<group>";
		};
		3A8579C026B3FFD600B89E6D /* VideoSubtitles */ = {
			isa = PBXGroup;
			children = (
				3A8579C126B3FFD600B89E6D /* AppDelegate.swift */,
				3A8579C326B3FFD600B89E6D /* SceneDelegate.swift */,
				3A8579C726B3FFD600B89E6D /* Main.storyboard */,
				3A3CB97C26BA4FD200EC8A93 /* Slider */,
				3A6A472E26C25F1E002727FE /* Additions */,
				3A6A472D26C25F15002727FE /* Player */,
				3A6A472F26C25F37002727FE /* ViewControllers */,
				3A8579CA26B3FFDA00B89E6D /* Assets.xcassets */,
				3A8579CC26B3FFDA00B89E6D /* LaunchScreen.storyboard */,
				3A8579CF26B3FFDA00B89E6D /* Info.plist */,
			);
			path = VideoSubtitles;
			sourceTree = "<group>";
		};
/* End PBXGroup section */

/* Begin PBXNativeTarget section */
		3A8579BD26B3FFD600B89E6D /* VideoSubtitles */ = {
			isa = PBXNativeTarget;
			buildConfigurationList = 3A8579D226B3FFDA00B89E6D /* Build configuration list for PBXNativeTarget "VideoSubtitles" */;
			buildPhases = (
				3A8579BA26B3FFD600B89E6D /* Sources */,
				3A8579BB26B3FFD600B89E6D /* Frameworks */,
				3A8579BC26B3FFD600B89E6D /* Resources */,
			);
			buildRules = (
			);
			dependencies = (
			);
			name = VideoSubtitles;
			productName = VideoSubtitles;
			productReference = 3A8579BE26B3FFD600B89E6D /* VideoSubtitles.app */;
			productType = "com.apple.product-type.application";
		};
/* End PBXNativeTarget section */

/* Begin PBXProject section */
		3A8579B626B3FFD600B89E6D /* Project object */ = {
			isa = PBXProject;
			attributes = {
				LastSwiftUpdateCheck = 1250;
				LastUpgradeCheck = 1250;
				TargetAttributes = {
					3A8579BD26B3FFD600B89E6D = {
						CreatedOnToolsVersion = 12.5;
					};
				};
			};
			buildConfigurationList = 3A8579B926B3FFD600B89E6D /* Build configuration list for PBXProject "VideoSubtitles" */;
			compatibilityVersion = "Xcode 9.3";
			developmentRegion = en;
			hasScannedForEncodings = 0;
			knownRegions = (
				en,
				Base,
			);
			mainGroup = 3A8579B526B3FFD600B89E6D;
			productRefGroup = 3A8579BF26B3FFD600B89E6D /* Products */;
			projectDirPath = "";
			projectRoot = "";
			targets = (
				3A8579BD26B3FFD600B89E6D /* VideoSubtitles */,
			);
		};
/* End PBXProject section */

/* Begin PBXResourcesBuildPhase section */
		3A8579BC26B3FFD600B89E6D /* Resources */ = {
			isa = PBXResourcesBuildPhase;
			buildActionMask = 2147483647;
			files = (
				3A8579CE26B3FFDA00B89E6D /* LaunchScreen.storyboard in Resources */,
				3A8579CB26B3FFDA00B89E6D /* Assets.xcassets in Resources */,
				3A8579C926B3FFD600B89E6D /* Main.storyboard in Resources */,
			);
			runOnlyForDeploymentPostprocessing = 0;
		};
/* End PBXResourcesBuildPhase section */

/* Begin PBXSourcesBuildPhase section */
		3A8579BA26B3FFD600B89E6D /* Sources */ = {
			isa = PBXSourcesBuildPhase;
			buildActionMask = 2147483647;
			files = (
				3A6A472826C16E89002727FE /* SubEditViewController.swift in Sources */,
				3A6A472A26C239BA002727FE /* additions.swift in Sources */,
				3A8579C226B3FFD600B89E6D /* AppDelegate.swift in Sources */,
				3A4EF5DC26B941160084E308 /* AddSubViewController.swift in Sources */,
				3A6A472C26C2588F002727FE /* MyPlayer.swift in Sources */,
				3A3CB97E26BA4FFB00EC8A93 /* SliderControl.swift in Sources */,
				3A8579E426B7DA1E00B89E6D /* PickerViewController.swift in Sources */,
				3A8579C426B3FFD600B89E6D /* SceneDelegate.swift in Sources */,
				3AFC46BE26B7F3B50077854B /* EditorViewController.swift in Sources */,
			);
			runOnlyForDeploymentPostprocessing = 0;
		};
/* End PBXSourcesBuildPhase section */

/* Begin PBXVariantGroup section */
		3A8579C726B3FFD600B89E6D /* Main.storyboard */ = {
			isa = PBXVariantGroup;
			children = (
				3A8579C826B3FFD600B89E6D /* Base */,
			);
			name = Main.storyboard;
			sourceTree = "<group>";
		};
		3A8579CC26B3FFDA00B89E6D /* LaunchScreen.storyboard */ = {
			isa = PBXVariantGroup;
			children = (
				3A8579CD26B3FFDA00B89E6D /* Base */,
			);
			name = LaunchScreen.storyboard;
			sourceTree = "<group>";
		};
/* End PBXVariantGroup section */

/* Begin XCBuildConfiguration section */
		3A8579D026B3FFDA00B89E6D /* Debug */ = {
			isa = XCBuildConfiguration;
			buildSettings = {
				ALWAYS_SEARCH_USER_PATHS = NO;
				CLANG_ANALYZER_NONNULL = YES;
				CLANG_ANALYZER_NUMBER_OBJECT_CONVERSION = YES_AGGRESSIVE;
				CLANG_CXX_LANGUAGE_STANDARD = "gnu++14";
				CLANG_CXX_LIBRARY = "libc++";
				CLANG_ENABLE_MODULES = YES;
				CLANG_ENABLE_OBJC_ARC = YES;
				CLANG_ENABLE_OBJC_WEAK = YES;
				CLANG_WARN_BLOCK_CAPTURE_AUTORELEASING = YES;
				CLANG_WARN_BOOL_CONVERSION = YES;
				CLANG_WARN_COMMA = YES;
				CLANG_WARN_CONSTANT_CONVERSION = YES;
				CLANG_WARN_DEPRECATED_OBJC_IMPLEMENTATIONS = YES;
				CLANG_WARN_DIRECT_OBJC_ISA_USAGE = YES_ERROR;
				CLANG_WARN_DOCUMENTATION_COMMENTS = YES;
				CLANG_WARN_EMPTY_BODY = YES;
				CLANG_WARN_ENUM_CONVERSION = YES;
				CLANG_WARN_INFINITE_RECURSION = YES;
				CLANG_WARN_INT_CONVERSION = YES;
				CLANG_WARN_NON_LITERAL_NULL_CONVERSION = YES;
				CLANG_WARN_OBJC_IMPLICIT_RETAIN_SELF = YES;
				CLANG_WARN_OBJC_LITERAL_CONVERSION = YES;
				CLANG_WARN_OBJC_ROOT_CLASS = YES_ERROR;
				CLANG_WARN_QUOTED_INCLUDE_IN_FRAMEWORK_HEADER = YES;
				CLANG_WARN_RANGE_LOOP_ANALYSIS = YES;
				CLANG_WARN_STRICT_PROTOTYPES = YES;
				CLANG_WARN_SUSPICIOUS_MOVE = YES;
				CLANG_WARN_UNGUARDED_AVAILABILITY = YES_AGGRESSIVE;
				CLANG_WARN_UNREACHABLE_CODE = YES;
				CLANG_WARN__DUPLICATE_METHOD_MATCH = YES;
				COPY_PHASE_STRIP = NO;
				DEBUG_INFORMATION_FORMAT = dwarf;
				ENABLE_STRICT_OBJC_MSGSEND = YES;
				ENABLE_TESTABILITY = YES;
				GCC_C_LANGUAGE_STANDARD = gnu11;
				GCC_DYNAMIC_NO_PIC = NO;
				GCC_NO_COMMON_BLOCKS = YES;
				GCC_OPTIMIZATION_LEVEL = 0;
				GCC_PREPROCESSOR_DEFINITIONS = (
					"DEBUG=1",
					"$(inherited)",
				);
				GCC_WARN_64_TO_32_BIT_CONVERSION = YES;
				GCC_WARN_ABOUT_RETURN_TYPE = YES_ERROR;
				GCC_WARN_UNDECLARED_SELECTOR = YES;
				GCC_WARN_UNINITIALIZED_AUTOS = YES_AGGRESSIVE;
				GCC_WARN_UNUSED_FUNCTION = YES;
				GCC_WARN_UNUSED_VARIABLE = YES;
				IPHONEOS_DEPLOYMENT_TARGET = 14.5;
				MTL_ENABLE_DEBUG_INFO = INCLUDE_SOURCE;
				MTL_FAST_MATH = YES;
				ONLY_ACTIVE_ARCH = YES;
				SDKROOT = iphoneos;
				SWIFT_ACTIVE_COMPILATION_CONDITIONS = DEBUG;
				SWIFT_OPTIMIZATION_LEVEL = "-Onone";
			};
			name = Debug;
		};
		3A8579D126B3FFDA00B89E6D /* Release */ = {
			isa = XCBuildConfiguration;
			buildSettings = {
				ALWAYS_SEARCH_USER_PATHS = NO;
				CLANG_ANALYZER_NONNULL = YES;
				CLANG_ANALYZER_NUMBER_OBJECT_CONVERSION = YES_AGGRESSIVE;
				CLANG_CXX_LANGUAGE_STANDARD = "gnu++14";
				CLANG_CXX_LIBRARY = "libc++";
				CLANG_ENABLE_MODULES = YES;
				CLANG_ENABLE_OBJC_ARC = YES;
				CLANG_ENABLE_OBJC_WEAK = YES;
				CLANG_WARN_BLOCK_CAPTURE_AUTORELEASING = YES;
				CLANG_WARN_BOOL_CONVERSION = YES;
				CLANG_WARN_COMMA = YES;
				CLANG_WARN_CONSTANT_CONVERSION = YES;
				CLANG_WARN_DEPRECATED_OBJC_IMPLEMENTATIONS = YES;
				CLANG_WARN_DIRECT_OBJC_ISA_USAGE = YES_ERROR;
				CLANG_WARN_DOCUMENTATION_COMMENTS = YES;
				CLANG_WARN_EMPTY_BODY = YES;
				CLANG_WARN_ENUM_CONVERSION = YES;
				CLANG_WARN_INFINITE_RECURSION = YES;
				CLANG_WARN_INT_CONVERSION = YES;
				CLANG_WARN_NON_LITERAL_NULL_CONVERSION = YES;
				CLANG_WARN_OBJC_IMPLICIT_RETAIN_SELF = YES;
				CLANG_WARN_OBJC_LITERAL_CONVERSION = YES;
				CLANG_WARN_OBJC_ROOT_CLASS = YES_ERROR;
				CLANG_WARN_QUOTED_INCLUDE_IN_FRAMEWORK_HEADER = YES;
				CLANG_WARN_RANGE_LOOP_ANALYSIS = YES;
				CLANG_WARN_STRICT_PROTOTYPES = YES;
				CLANG_WARN_SUSPICIOUS_MOVE = YES;
				CLANG_WARN_UNGUARDED_AVAILABILITY = YES_AGGRESSIVE;
				CLANG_WARN_UNREACHABLE_CODE = YES;
				CLANG_WARN__DUPLICATE_METHOD_MATCH = YES;
				COPY_PHASE_STRIP = NO;
				DEBUG_INFORMATION_FORMAT = "dwarf-with-dsym";
				ENABLE_NS_ASSERTIONS = NO;
				ENABLE_STRICT_OBJC_MSGSEND = YES;
				GCC_C_LANGUAGE_STANDARD = gnu11;
				GCC_NO_COMMON_BLOCKS = YES;
				GCC_WARN_64_TO_32_BIT_CONVERSION = YES;
				GCC_WARN_ABOUT_RETURN_TYPE = YES_ERROR;
				GCC_WARN_UNDECLARED_SELECTOR = YES;
				GCC_WARN_UNINITIALIZED_AUTOS = YES_AGGRESSIVE;
				GCC_WARN_UNUSED_FUNCTION = YES;
				GCC_WARN_UNUSED_VARIABLE = YES;
				IPHONEOS_DEPLOYMENT_TARGET = 14.5;
				MTL_ENABLE_DEBUG_INFO = NO;
				MTL_FAST_MATH = YES;
				SDKROOT = iphoneos;
				SWIFT_COMPILATION_MODE = wholemodule;
				SWIFT_OPTIMIZATION_LEVEL = "-O";
				VALIDATE_PRODUCT = YES;
			};
			name = Release;
		};
		3A8579D326B3FFDA00B89E6D /* Debug */ = {
			isa = XCBuildConfiguration;
			buildSettings = {
				ASSETCATALOG_COMPILER_APPICON_NAME = AppIcon;
				ASSETCATALOG_COMPILER_GLOBAL_ACCENT_COLOR_NAME = AccentColor;
				CODE_SIGN_STYLE = Automatic;
				DEVELOPMENT_TEAM = B4PM995X65;
				INFOPLIST_FILE = VideoSubtitles/Info.plist;
				LD_RUNPATH_SEARCH_PATHS = (
					"$(inherited)",
					"@executable_path/Frameworks",
				);
				PRODUCT_BUNDLE_IDENTIFIER = TTM.VideoSubtitles;
				PRODUCT_NAME = "$(TARGET_NAME)";
				SWIFT_VERSION = 5.0;
				TARGETED_DEVICE_FAMILY = "1,2";
			};
			name = Debug;
		};
		3A8579D426B3FFDA00B89E6D /* Release */ = {
			isa = XCBuildConfiguration;
			buildSettings = {
				ASSETCATALOG_COMPILER_APPICON_NAME = AppIcon;
				ASSETCATALOG_COMPILER_GLOBAL_ACCENT_COLOR_NAME = AccentColor;
				CODE_SIGN_STYLE = Automatic;
				DEVELOPMENT_TEAM = B4PM995X65;
				INFOPLIST_FILE = VideoSubtitles/Info.plist;
				LD_RUNPATH_SEARCH_PATHS = (
					"$(inherited)",
					"@executable_path/Frameworks",
				);
				PRODUCT_BUNDLE_IDENTIFIER = TTM.VideoSubtitles;
				PRODUCT_NAME = "$(TARGET_NAME)";
				SWIFT_VERSION = 5.0;
				TARGETED_DEVICE_FAMILY = "1,2";
			};
			name = Release;
		};
/* End XCBuildConfiguration section */

/* Begin XCConfigurationList section */
		3A8579B926B3FFD600B89E6D /* Build configuration list for PBXProject "VideoSubtitles" */ = {
			isa = XCConfigurationList;
			buildConfigurations = (
				3A8579D026B3FFDA00B89E6D /* Debug */,
				3A8579D126B3FFDA00B89E6D /* Release */,
			);
			defaultConfigurationIsVisible = 0;
			defaultConfigurationName = Release;
		};
		3A8579D226B3FFDA00B89E6D /* Build configuration list for PBXNativeTarget "VideoSubtitles" */ = {
			isa = XCConfigurationList;
			buildConfigurations = (
				3A8579D326B3FFDA00B89E6D /* Debug */,
				3A8579D426B3FFDA00B89E6D /* Release */,
			);
			defaultConfigurationIsVisible = 0;
			defaultConfigurationName = Release;
		};
/* End XCConfigurationList section */
	};
	rootObject = 3A8579B626B3FFD600B89E6D /* Project object */;
}
